
Microsoft Visual Studio Solution File, Format Version 12.00
# Visual Studio 15
VisualStudioVersion = 15.0.28307.757
MinimumVisualStudioVersion = 10.0.40219.1
Project("{FAE04EC0-301F-11D3-BF4B-00C04F79EFBC}") = "MySite", "MySite\MySite.csproj", "{C874D4A3-6DE1-48DC-8B77-93BD665E6685}"
EndProject
Global
	GlobalSection(SolutionConfigurationPlatforms) = preSolution
		Debug|Any CPU = Debug|Any CPU
		Release|Any CPU = Release|Any CPU
	EndGlobalSection
	GlobalSection(ProjectConfigurationPlatforms) = postSolution
		{C874D4A3-6DE1-48DC-8B77-93BD665E6685}.Debug|Any CPU.ActiveCfg = Debug|Any CPU
		{C874D4A3-6DE1-48DC-8B77-93BD665E6685}.Debug|Any CPU.Build.0 = Debug|Any CPU
		{C874D4A3-6DE1-48DC-8B77-93BD665E6685}.Release|Any CPU.ActiveCfg = Release|Any CPU
		{C874D4A3-6DE1-48DC-8B77-93BD665E6685}.Release|Any CPU.Build.0 = Release|Any CPU
	EndGlobalSection
	GlobalSection(SolutionProperties) = preSolution
		HideSolutionNode = FALSE
	EndGlobalSection
	GlobalSection(ExtensibilityGlobals) = postSolution
		SolutionGuid = {89CE1E4D-B7EA-451E-B7DB-72101626CC3F}
	EndGlobalSection
EndGlobal
